
Microsoft Visual Studio Solution File, Format Version 12.00
# Visual Studio Version 17
VisualStudioVersion = 17.7.34024.191
MinimumVisualStudioVersion = 10.0.40219.1
Project("{FAE04EC0-301F-11D3-BF4B-00C04F79EFBC}") = "SistemaDeTarefas", "SistemaDeTarefas\SistemaDeTarefas.csproj", "{5A91D987-BDE0-4175-A939-7A2E46CC1A5A}"
EndProject
Global
	GlobalSection(SolutionConfigurationPlatforms) = preSolution
		Debug|Any CPU = Debug|Any CPU
		Release|Any CPU = Release|Any CPU
	EndGlobalSection
	GlobalSection(ProjectConfigurationPlatforms) = postSolution
		{5A91D987-BDE0-4175-A939-7A2E46CC1A5A}.Debug|Any CPU.ActiveCfg = Debug|Any CPU
		{5A91D987-BDE0-4175-A939-7A2E46CC1A5A}.Debug|Any CPU.Build.0 = Debug|Any CPU
		{5A91D987-BDE0-4175-A939-7A2E46CC1A5A}.Release|Any CPU.ActiveCfg = Release|Any CPU
		{5A91D987-BDE0-4175-A939-7A2E46CC1A5A}.Release|Any CPU.Build.0 = Release|Any CPU
	EndGlobalSection
	GlobalSection(SolutionProperties) = preSolution
		HideSolutionNode = FALSE
	EndGlobalSection
	GlobalSection(ExtensibilityGlobals) = postSolution
		SolutionGuid = {38EDF635-14D2-4F71-91BE-B32365B5631B}
	EndGlobalSection
EndGlobal
